
Microsoft Visual Studio Solution File, Format Version 12.00
# Visual Studio 15
VisualStudioVersion = 15.0.28307.1145
MinimumVisualStudioVersion = 10.0.40219.1
Project("{FAE04EC0-301F-11D3-BF4B-00C04F79EFBC}") = "DelegateLesson", "DelegateLesson\DelegateLesson.csproj", "{D16BD436-9296-42A8-85BF-4024CEE906DB}"
EndProject
Global
	GlobalSection(SolutionConfigurationPlatforms) = preSolution
		Debug|Any CPU = Debug|Any CPU
		Release|Any CPU = Release|Any CPU
	EndGlobalSection
	GlobalSection(ProjectConfigurationPlatforms) = postSolution
		{D16BD436-9296-42A8-85BF-4024CEE906DB}.Debug|Any CPU.ActiveCfg = Debug|Any CPU
		{D16BD436-9296-42A8-85BF-4024CEE906DB}.Debug|Any CPU.Build.0 = Debug|Any CPU
		{D16BD436-9296-42A8-85BF-4024CEE906DB}.Release|Any CPU.ActiveCfg = Release|Any CPU
		{D16BD436-9296-42A8-85BF-4024CEE906DB}.Release|Any CPU.Build.0 = Release|Any CPU
	EndGlobalSection
	GlobalSection(SolutionProperties) = preSolution
		HideSolutionNode = FALSE
	EndGlobalSection
	GlobalSection(ExtensibilityGlobals) = postSolution
		SolutionGuid = {677F36A4-9C43-4D28-9EB8-E6630CF93456}
	EndGlobalSection
EndGlobal
